schema: '2.0'
stages:
  load_data:
    cmd: python src/load_data.py --config=parameters.yaml
    deps:
    - path: data_given/insurance.csv
      md5: 1e336f97963437f5f9579ae9ca385680
      size: 50264
    - path: src/get_data.py
      md5: e8f006452eab211b06630ce46bb83889
      size: 761
    - path: src/load_data.py
      md5: bc3bc0561857021ad467149ff855ab48
      size: 544
    outs:
    - path: data/raw/insurance.csv
      md5: 5a64c6a34169eb73c789fe66d1aaf5d6
      size: 50295
  split_data:
    cmd: python src/split_data.py --config=parameters.yaml
    deps:
    - path: data/raw/insurance.csv
      md5: 5a64c6a34169eb73c789fe66d1aaf5d6
      size: 50295
    - path: src/split_data.py
      md5: f8590df2306fabaf8107e40f9844eb88
      size: 1295
    outs:
    - path: data/processed/test_insurance.csv
      md5: 5ebef7d2eec3312143d85a6551ebeb42
      size: 6555
    - path: data/processed/train_insurance.csv
      md5: 6235b9b8ae50c386c93cb6e56fb8179d
      size: 26130
